// !$*UTF8*$!
{
	archiveVersion = 1;
	classes = {
	};
	objectVersion = 46;
	objects = {

/* Begin PBXBuildFile section */
		54F5092B18F494BF006A17E8 /* Foundation.framework in Frameworks */ = {isa = PBXBuildFile; fileRef = 54F5092A18F494BF006A17E8 /* Foundation.framework */; };
		54F5092D18F494BF006A17E8 /* CoreGraphics.framework in Frameworks */ = {isa = PBXBuildFile; fileRef = 54F5092C18F494BF006A17E8 /* CoreGraphics.framework */; };
		54F5092F18F494BF006A17E8 /* UIKit.framework in Frameworks */ = {isa = PBXBuildFile; fileRef = 54F5092E18F494BF006A17E8 /* UIKit.framework */; };
		54F5093118F494BF006A17E8 /* SpriteKit.framework in Frameworks */ = {isa = PBXBuildFile; fileRef = 54F5093018F494BF006A17E8 /* SpriteKit.framework */; };
		54F5093718F494BF006A17E8 /* InfoPlist.strings in Resources */ = {isa = PBXBuildFile; fileRef = 54F5093518F494BF006A17E8 /* InfoPlist.strings */; };
		54F5093918F494BF006A17E8 /* main.m in Sources */ = {isa = PBXBuildFile; fileRef = 54F5093818F494BF006A17E8 /* main.m */; };
		54F5093D18F494BF006A17E8 /* AppDelegate.m in Sources */ = {isa = PBXBuildFile; fileRef = 54F5093C18F494BF006A17E8 /* AppDelegate.m */; };
		54F5094018F494BF006A17E8 /* Main_iPhone.storyboard in Resources */ = {isa = PBXBuildFile; fileRef = 54F5093E18F494BF006A17E8 /* Main_iPhone.storyboard */; };
		54F5094318F494BF006A17E8 /* Main_iPad.storyboard in Resources */ = {isa = PBXBuildFile; fileRef = 54F5094118F494BF006A17E8 /* Main_iPad.storyboard */; };
		54F5094618F494BF006A17E8 /* ViewController.m in Sources */ = {isa = PBXBuildFile; fileRef = 54F5094518F494BF006A17E8 /* ViewController.m */; };
		54F5094918F494BF006A17E8 /* MyScene.m in Sources */ = {isa = PBXBuildFile; fileRef = 54F5094818F494BF006A17E8 /* MyScene.m */; };
		54F5094B18F494BF006A17E8 /* Spaceship.png in Resources */ = {isa = PBXBuildFile; fileRef = 54F5094A18F494BF006A17E8 /* Spaceship.png */; };
		54F5094D18F494BF006A17E8 /* Images.xcassets in Resources */ = {isa = PBXBuildFile; fileRef = 54F5094C18F494BF006A17E8 /* Images.xcassets */; };
		54F5095418F494C0006A17E8 /* XCTest.framework in Frameworks */ = {isa = PBXBuildFile; fileRef = 54F5095318F494C0006A17E8 /* XCTest.framework */; };
		54F5095518F494C0006A17E8 /* Foundation.framework in Frameworks */ = {isa = PBXBuildFile; fileRef = 54F5092A18F494BF006A17E8 /* Foundation.framework */; };
		54F5095618F494C0006A17E8 /* UIKit.framework in Frameworks */ = {isa = PBXBuildFile; fileRef = 54F5092E18F494BF006A17E8 /* UIKit.framework */; };
		54F5095E18F494C0006A17E8 /* InfoPlist.strings in Resources */ = {isa = PBXBuildFile; fileRef = 54F5095C18F494C0006A17E8 /* InfoPlist.strings */; };
		54F5096018F494C0006A17E8 /* RePlayedTests.m in Sources */ = {isa = PBXBuildFile; fileRef = 54F5095F18F494C0006A17E8 /* RePlayedTests.m */; };
		54F5096B18F4950A006A17E8 /* playground.opta.xml in Resources */ = {isa = PBXBuildFile; fileRef = 54F5096918F4950A006A17E8 /* playground.opta.xml */; };
		54F5096C18F4950A006A17E8 /* optaPlayers.xml in Resources */ = {isa = PBXBuildFile; fileRef = 54F5096A18F4950A006A17E8 /* optaPlayers.xml */; };
		54F5097018F49530006A17E8 /* DataParser.m in Sources */ = {isa = PBXBuildFile; fileRef = 54F5096F18F49530006A17E8 /* DataParser.m */; };
		54F5097318F49602006A17E8 /* Player.m in Sources */ = {isa = PBXBuildFile; fileRef = 54F5097218F49602006A17E8 /* Player.m */; };
		54F5097618F55BBA006A17E8 /* Team.m in Sources */ = {isa = PBXBuildFile; fileRef = 54F5097518F55BBA006A17E8 /* Team.m */; };
		54F5097918F58B2C006A17E8 /* Event.m in Sources */ = {isa = PBXBuildFile; fileRef = 54F5097818F58B2C006A17E8 /* Event.m */; };
		54F5097C18F58B62006A17E8 /* BookingEvent.m in Sources */ = {isa = PBXBuildFile; fileRef = 54F5097B18F58B62006A17E8 /* BookingEvent.m */; };
		54F5097F18F58DE9006A17E8 /* SubstituteEvent.m in Sources */ = {isa = PBXBuildFile; fileRef = 54F5097E18F58DE9006A17E8 /* SubstituteEvent.m */; };
		54F5098218F58E64006A17E8 /* GoalEvent.m in Sources */ = {isa = PBXBuildFile; fileRef = 54F5098118F58E64006A17E8 /* GoalEvent.m */; };
		54F5098518F5F281006A17E8 /* pitch.png in Resources */ = {isa = PBXBuildFile; fileRef = 54F5098418F5F281006A17E8 /* pitch.png */; };
/* End PBXBuildFile section */

/* Begin PBXContainerItemProxy section */
		54F5095718F494C0006A17E8 /* PBXContainerItemProxy */ = {
			isa = PBXContainerItemProxy;
			containerPortal = 54F5091F18F494BF006A17E8 /* Project object */;
			proxyType = 1;
			remoteGlobalIDString = 54F5092618F494BF006A17E8;
			remoteInfo = RePlayed;
		};
/* End PBXContainerItemProxy section */

/* Begin PBXFileReference section */
		54F5092718F494BF006A17E8 /* RePlayed.app */ = {isa = PBXFileReference; explicitFileType = wrapper.application; includeInIndex = 0; path = RePlayed.app; sourceTree = BUILT_PRODUCTS_DIR; };
		54F5092A18F494BF006A17E8 /* Foundation.framework */ = {isa = PBXFileReference; lastKnownFileType = wrapper.framework; name = Foundation.framework; path = System/Library/Frameworks/Foundation.framework; sourceTree = SDKROOT; };
		54F5092C18F494BF006A17E8 /* CoreGraphics.framework */ = {isa = PBXFileReference; lastKnownFileType = wrapper.framework; name = CoreGraphics.framework; path = System/Library/Frameworks/CoreGraphics.framework; sourceTree = SDKROOT; };
		54F5092E18F494BF006A17E8 /* UIKit.framework */ = {isa = PBXFileReference; lastKnownFileType = wrapper.framework; name = UIKit.framework; path = System/Library/Frameworks/UIKit.framework; sourceTree = SDKROOT; };
		54F5093018F494BF006A17E8 /* SpriteKit.framework */ = {isa = PBXFileReference; lastKnownFileType = wrapper.framework; name = SpriteKit.framework; path = System/Library/Frameworks/SpriteKit.framework; sourceTree = SDKROOT; };
		54F5093418F494BF006A17E8 /* RePlayed-Info.plist */ = {isa = PBXFileReference; lastKnownFileType = text.plist.xml; path = "RePlayed-Info.plist"; sourceTree = "<group>"; };
		54F5093618F494BF006A17E8 /* en */ = {isa = PBXFileReference; lastKnownFileType = text.plist.strings; name = en; path = en.lproj/InfoPlist.strings; sourceTree = "<group>"; };
		54F5093818F494BF006A17E8 /* main.m */ = {isa = PBXFileReference; lastKnownFileType = sourcecode.c.objc; path = main.m; sourceTree = "<group>"; };
		54F5093A18F494BF006A17E8 /* RePlayed-Prefix.pch */ = {isa = PBXFileReference; lastKnownFileType = sourcecode.c.h; path = "RePlayed-Prefix.pch"; sourceTree = "<group>"; };
		54F5093B18F494BF006A17E8 /* AppDelegate.h */ = {isa = PBXFileReference; lastKnownFileType = sourcecode.c.h; path = AppDelegate.h; sourceTree = "<group>"; };
		54F5093C18F494BF006A17E8 /* AppDelegate.m */ = {isa = PBXFileReference; lastKnownFileType = sourcecode.c.objc; path = AppDelegate.m; sourceTree = "<group>"; };
		54F5093F18F494BF006A17E8 /* Base */ = {isa = PBXFileReference; lastKnownFileType = file.storyboard; name = Base; path = Base.lproj/Main_iPhone.storyboard; sourceTree = "<group>"; };
		54F5094218F494BF006A17E8 /* Base */ = {isa = PBXFileReference; lastKnownFileType = file.storyboard; name = Base; path = Base.lproj/Main_iPad.storyboard; sourceTree = "<group>"; };
		54F5094418F494BF006A17E8 /* ViewController.h */ = {isa = PBXFileReference; lastKnownFileType = sourcecode.c.h; path = ViewController.h; sourceTree = "<group>"; };
		54F5094518F494BF006A17E8 /* ViewController.m */ = {isa = PBXFileReference; lastKnownFileType = sourcecode.c.objc; path = ViewController.m; sourceTree = "<group>"; };
		54F5094718F494BF006A17E8 /* MyScene.h */ = {isa = PBXFileReference; lastKnownFileType = sourcecode.c.h; path = MyScene.h; sourceTree = "<group>"; };
		54F5094818F494BF006A17E8 /* MyScene.m */ = {isa = PBXFileReference; lastKnownFileType = sourcecode.c.objc; path = MyScene.m; sourceTree = "<group>"; };
		54F5094A18F494BF006A17E8 /* Spaceship.png */ = {isa = PBXFileReference; lastKnownFileType = image.png; path = Spaceship.png; sourceTree = "<group>"; };
		54F5094C18F494BF006A17E8 /* Images.xcassets */ = {isa = PBXFileReference; lastKnownFileType = folder.assetcatalog; path = Images.xcassets; sourceTree = "<group>"; };
		54F5095218F494C0006A17E8 /* RePlayedTests.xctest */ = {isa = PBXFileReference; explicitFileType = wrapper.cfbundle; includeInIndex = 0; path = RePlayedTests.xctest; sourceTree = BUILT_PRODUCTS_DIR; };
		54F5095318F494C0006A17E8 /* XCTest.framework */ = {isa = PBXFileReference; lastKnownFileType = wrapper.framework; name = XCTest.framework; path = Library/Frameworks/XCTest.framework; sourceTree = DEVELOPER_DIR; };
		54F5095B18F494C0006A17E8 /* RePlayedTests-Info.plist */ = {isa = PBXFileReference; lastKnownFileType = text.plist.xml; path = "RePlayedTests-Info.plist"; sourceTree = "<group>"; };
		54F5095D18F494C0006A17E8 /* en */ = {isa = PBXFileReference; lastKnownFileType = text.plist.strings; name = en; path = en.lproj/InfoPlist.strings; sourceTree = "<group>"; };
		54F5095F18F494C0006A17E8 /* RePlayedTests.m */ = {isa = PBXFileReference; lastKnownFileType = sourcecode.c.objc; path = RePlayedTests.m; sourceTree = "<group>"; };
		54F5096918F4950A006A17E8 /* playground.opta.xml */ = {isa = PBXFileReference; fileEncoding = 4; lastKnownFileType = text.xml; path = playground.opta.xml; sourceTree = "<group>"; };
		54F5096A18F4950A006A17E8 /* optaPlayers.xml */ = {isa = PBXFileReference; fileEncoding = 4; lastKnownFileType = text.xml; path = optaPlayers.xml; sourceTree = "<group>"; };
		54F5096E18F49530006A17E8 /* DataParser.h */ = {isa = PBXFileReference; fileEncoding = 4; lastKnownFileType = sourcecode.c.h; path = DataParser.h; sourceTree = "<group>"; };
		54F5096F18F49530006A17E8 /* DataParser.m */ = {isa = PBXFileReference; fileEncoding = 4; lastKnownFileType = sourcecode.c.objc; path = DataParser.m; sourceTree = "<group>"; };
		54F5097118F49602006A17E8 /* Player.h */ = {isa = PBXFileReference; fileEncoding = 4; lastKnownFileType = sourcecode.c.h; path = Player.h; sourceTree = "<group>"; };
		54F5097218F49602006A17E8 /* Player.m */ = {isa = PBXFileReference; fileEncoding = 4; lastKnownFileType = sourcecode.c.objc; path = Player.m; sourceTree = "<group>"; };
		54F5097418F55BBA006A17E8 /* Team.h */ = {isa = PBXFileReference; fileEncoding = 4; lastKnownFileType = sourcecode.c.h; path = Team.h; sourceTree = "<group>"; };
		54F5097518F55BBA006A17E8 /* Team.m */ = {isa = PBXFileReference; fileEncoding = 4; lastKnownFileType = sourcecode.c.objc; path = Team.m; sourceTree = "<group>"; };
		54F5097718F58B2C006A17E8 /* Event.h */ = {isa = PBXFileReference; fileEncoding = 4; lastKnownFileType = sourcecode.c.h; path = Event.h; sourceTree = "<group>"; };
		54F5097818F58B2C006A17E8 /* Event.m */ = {isa = PBXFileReference; fileEncoding = 4; lastKnownFileType = sourcecode.c.objc; path = Event.m; sourceTree = "<group>"; };
		54F5097A18F58B62006A17E8 /* BookingEvent.h */ = {isa = PBXFileReference; fileEncoding = 4; lastKnownFileType = sourcecode.c.h; path = BookingEvent.h; sourceTree = "<group>"; };
		54F5097B18F58B62006A17E8 /* BookingEvent.m */ = {isa = PBXFileReference; fileEncoding = 4; lastKnownFileType = sourcecode.c.objc; path = BookingEvent.m; sourceTree = "<group>"; };
		54F5097D18F58DE9006A17E8 /* SubstituteEvent.h */ = {isa = PBXFileReference; fileEncoding = 4; lastKnownFileType = sourcecode.c.h; path = SubstituteEvent.h; sourceTree = "<group>"; };
		54F5097E18F58DE9006A17E8 /* SubstituteEvent.m */ = {isa = PBXFileReference; fileEncoding = 4; lastKnownFileType = sourcecode.c.objc; path = SubstituteEvent.m; sourceTree = "<group>"; };
		54F5098018F58E63006A17E8 /* GoalEvent.h */ = {isa = PBXFileReference; fileEncoding = 4; lastKnownFileType = sourcecode.c.h; path = GoalEvent.h; sourceTree = "<group>"; };
		54F5098118F58E64006A17E8 /* GoalEvent.m */ = {isa = PBXFileReference; fileEncoding = 4; lastKnownFileType = sourcecode.c.objc; path = GoalEvent.m; sourceTree = "<group>"; };
		54F5098418F5F281006A17E8 /* pitch.png */ = {isa = PBXFileReference; lastKnownFileType = image.png; path = pitch.png; sourceTree = "<group>"; };
/* End PBXFileReference section */

/* Begin PBXFrameworksBuildPhase section */
		54F5092418F494BF006A17E8 /* Frameworks */ = {
			isa = PBXFrameworksBuildPhase;
			buildActionMask = 2147483647;
			files = (
				54F5092D18F494BF006A17E8 /* CoreGraphics.framework in Frameworks */,
				54F5092F18F494BF006A17E8 /* UIKit.framework in Frameworks */,
				54F5093118F494BF006A17E8 /* SpriteKit.framework in Frameworks */,
				54F5092B18F494BF006A17E8 /* Foundation.framework in Frameworks */,
			);
			runOnlyForDeploymentPostprocessing = 0;
		};
		54F5094F18F494C0006A17E8 /* Frameworks */ = {
			isa = PBXFrameworksBuildPhase;
			buildActionMask = 2147483647;
			files = (
				54F5095418F494C0006A17E8 /* XCTest.framework in Frameworks */,
				54F5095618F494C0006A17E8 /* UIKit.framework in Frameworks */,
				54F5095518F494C0006A17E8 /* Foundation.framework in Frameworks */,
			);
			runOnlyForDeploymentPostprocessing = 0;
		};
/* End PBXFrameworksBuildPhase section */

/* Begin PBXGroup section */
		54F5091E18F494BF006A17E8 = {
			isa = PBXGroup;
			children = (
				54F5093218F494BF006A17E8 /* RePlayed */,
				54F5095918F494C0006A17E8 /* RePlayedTests */,
				54F5092918F494BF006A17E8 /* Frameworks */,
				54F5092818F494BF006A17E8 /* Products */,
			);
			sourceTree = "<group>";
		};
		54F5092818F494BF006A17E8 /* Products */ = {
			isa = PBXGroup;
			children = (
				54F5092718F494BF006A17E8 /* RePlayed.app */,
				54F5095218F494C0006A17E8 /* RePlayedTests.xctest */,
			);
			name = Products;
			sourceTree = "<group>";
		};
		54F5092918F494BF006A17E8 /* Frameworks */ = {
			isa = PBXGroup;
			children = (
				54F5092A18F494BF006A17E8 /* Foundation.framework */,
				54F5092C18F494BF006A17E8 /* CoreGraphics.framework */,
				54F5092E18F494BF006A17E8 /* UIKit.framework */,
				54F5093018F494BF006A17E8 /* SpriteKit.framework */,
				54F5095318F494C0006A17E8 /* XCTest.framework */,
			);
			name = Frameworks;
			sourceTree = "<group>";
		};
		54F5093218F494BF006A17E8 /* RePlayed */ = {
			isa = PBXGroup;
			children = (
				54F5098318F5F281006A17E8 /* assets */,
				54F5093B18F494BF006A17E8 /* AppDelegate.h */,
				54F5093C18F494BF006A17E8 /* AppDelegate.m */,
				54F5093E18F494BF006A17E8 /* Main_iPhone.storyboard */,
				54F5094118F494BF006A17E8 /* Main_iPad.storyboard */,
				54F5096D18F49510006A17E8 /* Data */,
				54F5094418F494BF006A17E8 /* ViewController.h */,
				54F5094518F494BF006A17E8 /* ViewController.m */,
				54F5094718F494BF006A17E8 /* MyScene.h */,
				54F5094818F494BF006A17E8 /* MyScene.m */,
				54F5094A18F494BF006A17E8 /* Spaceship.png */,
				54F5094C18F494BF006A17E8 /* Images.xcassets */,
				54F5093318F494BF006A17E8 /* Supporting Files */,
			);
			path = RePlayed;
			sourceTree = "<group>";
		};
		54F5093318F494BF006A17E8 /* Supporting Files */ = {
			isa = PBXGroup;
			children = (
				54F5093418F494BF006A17E8 /* RePlayed-Info.plist */,
				54F5093518F494BF006A17E8 /* InfoPlist.strings */,
				54F5093818F494BF006A17E8 /* main.m */,
				54F5093A18F494BF006A17E8 /* RePlayed-Prefix.pch */,
			);
			name = "Supporting Files";
			sourceTree = "<group>";
		};
		54F5095918F494C0006A17E8 /* RePlayedTests */ = {
			isa = PBXGroup;
			children = (
				54F5095F18F494C0006A17E8 /* RePlayedTests.m */,
				54F5095A18F494C0006A17E8 /* Supporting Files */,
			);
			path = RePlayedTests;
			sourceTree = "<group>";
		};
		54F5095A18F494C0006A17E8 /* Supporting Files */ = {
			isa = PBXGroup;
			children = (
				54F5095B18F494C0006A17E8 /* RePlayedTests-Info.plist */,
				54F5095C18F494C0006A17E8 /* InfoPlist.strings */,
			);
			name = "Supporting Files";
			sourceTree = "<group>";
		};
		54F5096D18F49510006A17E8 /* Data */ = {
			isa = PBXGroup;
			children = (
				54F5096918F4950A006A17E8 /* playground.opta.xml */,
				54F5096A18F4950A006A17E8 /* optaPlayers.xml */,
				54F5096E18F49530006A17E8 /* DataParser.h */,
				54F5096F18F49530006A17E8 /* DataParser.m */,
				54F5097718F58B2C006A17E8 /* Event.h */,
				54F5097818F58B2C006A17E8 /* Event.m */,
				54F5098018F58E63006A17E8 /* GoalEvent.h */,
				54F5098118F58E64006A17E8 /* GoalEvent.m */,
				54F5097A18F58B62006A17E8 /* BookingEvent.h */,
				54F5097B18F58B62006A17E8 /* BookingEvent.m */,
				54F5097D18F58DE9006A17E8 /* SubstituteEvent.h */,
				54F5097E18F58DE9006A17E8 /* SubstituteEvent.m */,
				54F5097418F55BBA006A17E8 /* Team.h */,
				54F5097518F55BBA006A17E8 /* Team.m */,
				54F5097118F49602006A17E8 /* Player.h */,
				54F5097218F49602006A17E8 /* Player.m */,
			);
			name = Data;
			sourceTree = "<group>";
		};
		54F5098318F5F281006A17E8 /* assets */ = {
			isa = PBXGroup;
			children = (
				54F5098418F5F281006A17E8 /* pitch.png */,
			);
			path = assets;
			sourceTree = "<group>";
		};
/* End PBXGroup section */

/* Begin PBXNativeTarget section */
		54F5092618F494BF006A17E8 /* RePlayed */ = {
			isa = PBXNativeTarget;
			buildConfigurationList = 54F5096318F494C0006A17E8 /* Build configuration list for PBXNativeTarget "RePlayed" */;
			buildPhases = (
				54F5092318F494BF006A17E8 /* Sources */,
				54F5092418F494BF006A17E8 /* Frameworks */,
				54F5092518F494BF006A17E8 /* Resources */,
			);
			buildRules = (
			);
			dependencies = (
			);
			name = RePlayed;
			productName = RePlayed;
			productReference = 54F5092718F494BF006A17E8 /* RePlayed.app */;
			productType = "com.apple.product-type.application";
		};
		54F5095118F494C0006A17E8 /* RePlayedTests */ = {
			isa = PBXNativeTarget;
			buildConfigurationList = 54F5096618F494C0006A17E8 /* Build configuration list for PBXNativeTarget "RePlayedTests" */;
			buildPhases = (
				54F5094E18F494C0006A17E8 /* Sources */,
				54F5094F18F494C0006A17E8 /* Frameworks */,
				54F5095018F494C0006A17E8 /* Resources */,
			);
			buildRules = (
			);
			dependencies = (
				54F5095818F494C0006A17E8 /* PBXTargetDependency */,
			);
			name = RePlayedTests;
			productName = RePlayedTests;
			productReference = 54F5095218F494C0006A17E8 /* RePlayedTests.xctest */;
			productType = "com.apple.product-type.bundle.unit-test";
		};
/* End PBXNativeTarget section */

/* Begin PBXProject section */
		54F5091F18F494BF006A17E8 /* Project object */ = {
			isa = PBXProject;
			attributes = {
				LastUpgradeCheck = 0510;
				ORGANIZATIONNAME = "Fluid Pixel Ltd";
				TargetAttributes = {
					54F5095118F494C0006A17E8 = {
						TestTargetID = 54F5092618F494BF006A17E8;
					};
				};
			};
			buildConfigurationList = 54F5092218F494BF006A17E8 /* Build configuration list for PBXProject "RePlayed" */;
			compatibilityVersion = "Xcode 3.2";
			developmentRegion = English;
			hasScannedForEncodings = 0;
			knownRegions = (
				en,
				Base,
			);
			mainGroup = 54F5091E18F494BF006A17E8;
			productRefGroup = 54F5092818F494BF006A17E8 /* Products */;
			projectDirPath = "";
			projectRoot = "";
			targets = (
				54F5092618F494BF006A17E8 /* RePlayed */,
				54F5095118F494C0006A17E8 /* RePlayedTests */,
			);
		};
/* End PBXProject section */

/* Begin PBXResourcesBuildPhase section */
		54F5092518F494BF006A17E8 /* Resources */ = {
			isa = PBXResourcesBuildPhase;
			buildActionMask = 2147483647;
			files = (
				54F5094B18F494BF006A17E8 /* Spaceship.png in Resources */,
				54F5096C18F4950A006A17E8 /* optaPlayers.xml in Resources */,
				54F5096B18F4950A006A17E8 /* playground.opta.xml in Resources */,
				54F5094D18F494BF006A17E8 /* Images.xcassets in Resources */,
				54F5098518F5F281006A17E8 /* pitch.png in Resources */,
				54F5094318F494BF006A17E8 /* Main_iPad.storyboard in Resources */,
				54F5094018F494BF006A17E8 /* Main_iPhone.storyboard in Resources */,
				54F5093718F494BF006A17E8 /* InfoPlist.strings in Resources */,
			);
			runOnlyForDeploymentPostprocessing = 0;
		};
		54F5095018F494C0006A17E8 /* Resources */ = {
			isa = PBXResourcesBuildPhase;
			buildActionMask = 2147483647;
			files = (
				54F5095E18F494C0006A17E8 /* InfoPlist.strings in Resources */,
			);
			runOnlyForDeploymentPostprocessing = 0;
		};
/* End PBXResourcesBuildPhase section */

/* Begin PBXSourcesBuildPhase section */
		54F5092318F494BF006A17E8 /* Sources */ = {
			isa = PBXSourcesBuildPhase;
			buildActionMask = 2147483647;
			files = (
				54F5097C18F58B62006A17E8 /* BookingEvent.m in Sources */,
				54F5094918F494BF006A17E8 /* MyScene.m in Sources */,
				54F5097F18F58DE9006A17E8 /* SubstituteEvent.m in Sources */,
				54F5098218F58E64006A17E8 /* GoalEvent.m in Sources */,
				54F5094618F494BF006A17E8 /* ViewController.m in Sources */,
				54F5093D18F494BF006A17E8 /* AppDelegate.m in Sources */,
				54F5097018F49530006A17E8 /* DataParser.m in Sources */,
				54F5097918F58B2C006A17E8 /* Event.m in Sources */,
				54F5097318F49602006A17E8 /* Player.m in Sources */,
				54F5097618F55BBA006A17E8 /* Team.m in Sources */,
				54F5093918F494BF006A17E8 /* main.m in Sources */,
			);
			runOnlyForDeploymentPostprocessing = 0;
		};
		54F5094E18F494C0006A17E8 /* Sources */ = {
			isa = PBXSourcesBuildPhase;
			buildActionMask = 2147483647;
			files = (
				54F5096018F494C0006A17E8 /* RePlayedTests.m in Sources */,
			);
			runOnlyForDeploymentPostprocessing = 0;
		};
/* End PBXSourcesBuildPhase section */

/* Begin PBXTargetDependency section */
		54F5095818F494C0006A17E8 /* PBXTargetDependency */ = {
			isa = PBXTargetDependency;
			target = 54F5092618F494BF006A17E8 /* RePlayed */;
			targetProxy = 54F5095718F494C0006A17E8 /* PBXContainerItemProxy */;
		};
/* End PBXTargetDependency section */

/* Begin PBXVariantGroup section */
		54F5093518F494BF006A17E8 /* InfoPlist.strings */ = {
			isa = PBXVariantGroup;
			children = (
				54F5093618F494BF006A17E8 /* en */,
			);
			name = InfoPlist.strings;
			sourceTree = "<group>";
		};
		54F5093E18F494BF006A17E8 /* Main_iPhone.storyboard */ = {
			isa = PBXVariantGroup;
			children = (
				54F5093F18F494BF006A17E8 /* Base */,
			);
			name = Main_iPhone.storyboard;
			sourceTree = "<group>";
		};
		54F5094118F494BF006A17E8 /* Main_iPad.storyboard */ = {
			isa = PBXVariantGroup;
			children = (
				54F5094218F494BF006A17E8 /* Base */,
			);
			name = Main_iPad.storyboard;
			sourceTree = "<group>";
		};
		54F5095C18F494C0006A17E8 /* InfoPlist.strings */ = {
			isa = PBXVariantGroup;
			children = (
				54F5095D18F494C0006A17E8 /* en */,
			);
			name = InfoPlist.strings;
			sourceTree = "<group>";
		};
/* End PBXVariantGroup section */

/* Begin XCBuildConfiguration section */
		54F5096118F494C0006A17E8 /* Debug */ = {
			isa = XCBuildConfiguration;
			buildSettings = {
				ALWAYS_SEARCH_USER_PATHS = NO;
				CLANG_CXX_LANGUAGE_STANDARD = "gnu++0x";
				CLANG_CXX_LIBRARY = "libc++";
				CLANG_ENABLE_MODULES = YES;
				CLANG_ENABLE_OBJC_ARC = YES;
				CLANG_WARN_BOOL_CONVERSION = YES;
				CLANG_WARN_CONSTANT_CONVERSION = YES;
				CLANG_WARN_DIRECT_OBJC_ISA_USAGE = YES_ERROR;
				CLANG_WARN_EMPTY_BODY = YES;
				CLANG_WARN_ENUM_CONVERSION = YES;
				CLANG_WARN_INT_CONVERSION = YES;
				CLANG_WARN_OBJC_ROOT_CLASS = YES_ERROR;
				CLANG_WARN__DUPLICATE_METHOD_MATCH = YES;
				"CODE_SIGN_IDENTITY[sdk=iphoneos*]" = "iPhone Developer";
				COPY_PHASE_STRIP = NO;
				GCC_C_LANGUAGE_STANDARD = gnu99;
				GCC_DYNAMIC_NO_PIC = NO;
				GCC_OPTIMIZATION_LEVEL = 0;
				GCC_PREPROCESSOR_DEFINITIONS = (
					"DEBUG=1",
					"$(inherited)",
				);
				GCC_SYMBOLS_PRIVATE_EXTERN = NO;
				GCC_WARN_64_TO_32_BIT_CONVERSION = YES;
				GCC_WARN_ABOUT_RETURN_TYPE = YES_ERROR;
				GCC_WARN_UNDECLARED_SELECTOR = YES;
				GCC_WARN_UNINITIALIZED_AUTOS = YES_AGGRESSIVE;
				GCC_WARN_UNUSED_FUNCTION = YES;
				GCC_WARN_UNUSED_VARIABLE = YES;
				IPHONEOS_DEPLOYMENT_TARGET = 7.1;
				ONLY_ACTIVE_ARCH = YES;
				SDKROOT = iphoneos;
				TARGETED_DEVICE_FAMILY = "1,2";
			};
			name = Debug;
		};
		54F5096218F494C0006A17E8 /* Release */ = {
			isa = XCBuildConfiguration;
			buildSettings = {
				ALWAYS_SEARCH_USER_PATHS = NO;
				CLANG_CXX_LANGUAGE_STANDARD = "gnu++0x";
				CLANG_CXX_LIBRARY = "libc++";
				CLANG_ENABLE_MODULES = YES;
				CLANG_ENABLE_OBJC_ARC = YES;
				CLANG_WARN_BOOL_CONVERSION = YES;
				CLANG_WARN_CONSTANT_CONVERSION = YES;
				CLANG_WARN_DIRECT_OBJC_ISA_USAGE = YES_ERROR;
				CLANG_WARN_EMPTY_BODY = YES;
				CLANG_WARN_ENUM_CONVERSION = YES;
				CLANG_WARN_INT_CONVERSION = YES;
				CLANG_WARN_OBJC_ROOT_CLASS = YES_ERROR;
				CLANG_WARN__DUPLICATE_METHOD_MATCH = YES;
				"CODE_SIGN_IDENTITY[sdk=iphoneos*]" = "iPhone Developer";
				COPY_PHASE_STRIP = YES;
				ENABLE_NS_ASSERTIONS = NO;
				GCC_C_LANGUAGE_STANDARD = gnu99;
				GCC_WARN_64_TO_32_BIT_CONVERSION = YES;
				GCC_WARN_ABOUT_RETURN_TYPE = YES_ERROR;
				GCC_WARN_UNDECLARED_SELECTOR = YES;
				GCC_WARN_UNINITIALIZED_AUTOS = YES_AGGRESSIVE;
				GCC_WARN_UNUSED_FUNCTION = YES;
				GCC_WARN_UNUSED_VARIABLE = YES;
				IPHONEOS_DEPLOYMENT_TARGET = 7.1;
				SDKROOT = iphoneos;
				TARGETED_DEVICE_FAMILY = "1,2";
				VALIDATE_PRODUCT = YES;
			};
			name = Release;
		};
		54F5096418F494C0006A17E8 /* Debug */ = {
			isa = XCBuildConfiguration;
			buildSettings = {
				ASSETCATALOG_COMPILER_APPICON_NAME = AppIcon;
				ASSETCATALOG_COMPILER_LAUNCHIMAGE_NAME = LaunchImage;
				GCC_PRECOMPILE_PREFIX_HEADER = YES;
				GCC_PREFIX_HEADER = "RePlayed/RePlayed-Prefix.pch";
				INFOPLIST_FILE = "RePlayed/RePlayed-Info.plist";
				PRODUCT_NAME = "$(TARGET_NAME)";
				SPRITEKIT_TEXTURE_ATLAS_OUTPUT = YES;
				WRAPPER_EXTENSION = app;
			};
			name = Debug;
		};
		54F5096518F494C0006A17E8 /* Release */ = {
			isa = XCBuildConfiguration;
			buildSettings = {
				ASSETCATALOG_COMPILER_APPICON_NAME = AppIcon;
				ASSETCATALOG_COMPILER_LAUNCHIMAGE_NAME = LaunchImage;
				GCC_PRECOMPILE_PREFIX_HEADER = YES;
				GCC_PREFIX_HEADER = "RePlayed/RePlayed-Prefix.pch";
				INFOPLIST_FILE = "RePlayed/RePlayed-Info.plist";
				PRODUCT_NAME = "$(TARGET_NAME)";
				SPRITEKIT_TEXTURE_ATLAS_OUTPUT = YES;
				WRAPPER_EXTENSION = app;
			};
			name = Release;
		};
		54F5096718F494C0006A17E8 /* Debug */ = {
			isa = XCBuildConfiguration;
			buildSettings = {
				BUNDLE_LOADER = "$(BUILT_PRODUCTS_DIR)/RePlayed.app/RePlayed";
				FRAMEWORK_SEARCH_PATHS = (
					"$(SDKROOT)/Developer/Library/Frameworks",
					"$(inherited)",
					"$(DEVELOPER_FRAMEWORKS_DIR)",
				);
				GCC_PRECOMPILE_PREFIX_HEADER = YES;
				GCC_PREFIX_HEADER = "RePlayed/RePlayed-Prefix.pch";
				GCC_PREPROCESSOR_DEFINITIONS = (
					"DEBUG=1",
					"$(inherited)",
				);
				INFOPLIST_FILE = "RePlayedTests/RePlayedTests-Info.plist";
				PRODUCT_NAME = "$(TARGET_NAME)";
				TEST_HOST = "$(BUNDLE_LOADER)";
				WRAPPER_EXTENSION = xctest;
			};
			name = Debug;
		};
		54F5096818F494C0006A17E8 /* Release */ = {
			isa = XCBuildConfiguration;
			buildSettings = {
				BUNDLE_LOADER = "$(BUILT_PRODUCTS_DIR)/RePlayed.app/RePlayed";
				FRAMEWORK_SEARCH_PATHS = (
					"$(SDKROOT)/Developer/Library/Frameworks",
					"$(inherited)",
					"$(DEVELOPER_FRAMEWORKS_DIR)",
				);
				GCC_PRECOMPILE_PREFIX_HEADER = YES;
				GCC_PREFIX_HEADER = "RePlayed/RePlayed-Prefix.pch";
				INFOPLIST_FILE = "RePlayedTests/RePlayedTests-Info.plist";
				PRODUCT_NAME = "$(TARGET_NAME)";
				TEST_HOST = "$(BUNDLE_LOADER)";
				WRAPPER_EXTENSION = xctest;
			};
			name = Release;
		};
/* End XCBuildConfiguration section */

/* Begin XCConfigurationList section */
		54F5092218F494BF006A17E8 /* Build configuration list for PBXProject "RePlayed" */ = {
			isa = XCConfigurationList;
			buildConfigurations = (
				54F5096118F494C0006A17E8 /* Debug */,
				54F5096218F494C0006A17E8 /* Release */,
			);
			defaultConfigurationIsVisible = 0;
			defaultConfigurationName = Release;
		};
		54F5096318F494C0006A17E8 /* Build configuration list for PBXNativeTarget "RePlayed" */ = {
			isa = XCConfigurationList;
			buildConfigurations = (
				54F5096418F494C0006A17E8 /* Debug */,
				54F5096518F494C0006A17E8 /* Release */,
			);
			defaultConfigurationIsVisible = 0;
		};
		54F5096618F494C0006A17E8 /* Build configuration list for PBXNativeTarget "RePlayedTests" */ = {
			isa = XCConfigurationList;
			buildConfigurations = (
				54F5096718F494C0006A17E8 /* Debug */,
				54F5096818F494C0006A17E8 /* Release */,
			);
			defaultConfigurationIsVisible = 0;
		};
/* End XCConfigurationList section */
	};
	rootObject = 54F5091F18F494BF006A17E8 /* Project object */;
}
